
Microsoft Visual Studio Solution File, Format Version 12.00
# Visual Studio Version 17
VisualStudioVersion = 17.5.002.0
MinimumVisualStudioVersion = 10.0.40219.1
Project("{9A19103F-16F7-4668-BE54-9A1E7A4F7556}") = "day9", "day9.csproj", "{3F5EE272-30AC-4CEF-835E-D9C9A8433504}"
EndProject
Global
	GlobalSection(SolutionConfigurationPlatforms) = preSolution
		Debug|Any CPU = Debug|Any CPU
		Release|Any CPU = Release|Any CPU
	EndGlobalSection
	GlobalSection(ProjectConfigurationPlatforms) = postSolution
		{3F5EE272-30AC-4CEF-835E-D9C9A8433504}.Debug|Any CPU.ActiveCfg = Debug|Any CPU
		{3F5EE272-30AC-4CEF-835E-D9C9A8433504}.Debug|Any CPU.Build.0 = Debug|Any CPU
		{3F5EE272-30AC-4CEF-835E-D9C9A8433504}.Release|Any CPU.ActiveCfg = Release|Any CPU
		{3F5EE272-30AC-4CEF-835E-D9C9A8433504}.Release|Any CPU.Build.0 = Release|Any CPU
	EndGlobalSection
	GlobalSection(SolutionProperties) = preSolution
		HideSolutionNode = FALSE
	EndGlobalSection
	GlobalSection(ExtensibilityGlobals) = postSolution
		SolutionGuid = {C3AE1AF2-D066-4EE6-A8FB-ABD398A4FBED}
	EndGlobalSection
EndGlobal
